<?xml version="1.0" encoding="utf-8"?>
<Project ToolsVersion="4.0" xmlns="http://schemas.microsoft.com/developer/msbuild/2003">
  <ItemGroup>
    <Filter Include="Source Files">
      <UniqueIdentifier>{81577442-7437-46DC-9F10-256BACFBCE01}</UniqueIdentifier>
      <Extensions>cpp;c;cc;cxx;def;odl;idl;hpj;bat;asm;asmx</Extensions>
    </Filter>
    <Filter Include="Header Files">
      <UniqueIdentifier>{C1E98BCA-2AF7-4F27-A277-EB44F2690DDE}</UniqueIdentifier>
      <Extensions>h;hh;hpp;hxx;hm;inl;inc;xsd</Extensions>
    </Filter>
  </ItemGroup>
  <ItemGroup>
    <ClInclude Include="background_workers_pool.hpp">
      <Filter>Header Files</Filter>
    </ClInclude>
    <ClInclude Include="check.hpp">
      <Filter>Header Files</Filter>
    </ClInclude>
    <ClInclude Include="fixed_memory_manager.hpp">
      <Filter>Header Files</Filter>
    </ClInclude>
    <ClInclude Include="tag_filter.h">
      <Filter>Header Files</Filter>
    </ClInclude>
  </ItemGroup>
  <ItemGroup>
    <ClCompile Include="check.cpp">
      <Filter>Source Files</Filter>
    </ClCompile>
  </ItemGroup>
</Project>