<?xml version="1.0" encoding="utf-8"?>
<Project ToolsVersion="4.0" xmlns="http://schemas.microsoft.com/developer/msbuild/2003">
  <ItemGroup>
    <Filter Include="Source Files">
      <UniqueIdentifier>{4FC737F1-C7A5-4376-A066-2A32D752A2FF}</UniqueIdentifier>
      <Extensions>cpp;c;cc;cxx;def;odl;idl;hpj;bat;asm;asmx</Extensions>
    </Filter>
    <Filter Include="Header Files">
      <UniqueIdentifier>{93995380-89BD-4b04-88EB-625FBE52EBFB}</UniqueIdentifier>
      <Extensions>h;hh;hpp;hxx;hm;inl;inc;xsd</Extensions>
    </Filter>
    <Filter Include="Resource Files">
      <UniqueIdentifier>{67DA6AB6-F800-4c08-8B7A-83BB121AAD01}</UniqueIdentifier>
      <Extensions>rc;ico;cur;bmp;dlg;rc2;rct;bin;rgs;gif;jpg;jpeg;jpe;resx;tiff;tif;png;wav;mfcribbon-ms</Extensions>
    </Filter>
    <Filter Include="Proto Files">
      <UniqueIdentifier>{ff3164a1-83ca-4489-a22c-744a19b3f053}</UniqueIdentifier>
    </Filter>
  </ItemGroup>
  <ItemGroup>
    <ClInclude Include="base_transformer.hpp">
      <Filter>Header Files</Filter>
    </ClInclude>
    <ClInclude Include="base_transformer_save.hpp">
      <Filter>Header Files</Filter>
    </ClInclude>
    <ClInclude Include="base_transformer.hpp">
      <Filter>Header Files</Filter>
    </ClInclude>
    <ClInclude Include="channelwise_scale_shift_transformer.hpp">
      <Filter>Header Files</Filter>
    </ClInclude>
    <ClInclude Include="crop_transformer.hpp">
      <Filter>Header Files</Filter>
    </ClInclude>
    <ClInclude Include="dataset.hpp">
      <Filter>Header Files</Filter>
    </ClInclude>
    <ClInclude Include="dataset_io.hpp">
      <Filter>Header Files</Filter>
    </ClInclude>
    <ClInclude Include="decompressor.hpp">
      <Filter>Header Files</Filter>
    </ClInclude>
    <ClInclude Include="ds_load_params.hpp">
      <Filter>Header Files</Filter>
    </ClInclude>
    <ClInclude Include="ds_load_params.pb.h">
      <Filter>Header Files</Filter>
    </ClInclude>
    <ClInclude Include="ds_save_params.hpp">
      <Filter>Header Files</Filter>
    </ClInclude>
    <ClInclude Include="ds_save_params.pb.h">
      <Filter>Header Files</Filter>
    </ClInclude>
    <ClInclude Include="fixresize_transformer_save.hpp">
      <Filter>Header Files</Filter>
    </ClInclude>
    <ClInclude Include="mean_transformer.hpp">
      <Filter>Header Files</Filter>
    </ClInclude>
    <ClInclude Include="minresize_transformer.hpp">
      <Filter>Header Files</Filter>
    </ClInclude>
    <ClInclude Include="minresize_transformer_save.hpp">
      <Filter>Header Files</Filter>
    </ClInclude>
    <ClInclude Include="prefetcher.hpp">
      <Filter>Header Files</Filter>
    </ClInclude>
    <ClInclude Include="pixelmap_transformer_save.hpp">
      <Filter>Header Files</Filter>
    </ClInclude>
    <ClInclude Include="transformer.hpp">
      <Filter>Header Files</Filter>
    </ClInclude>
    <ClInclude Include="transformer_save.hpp">
      <Filter>Header Files</Filter>
    </ClInclude>
    <ClInclude Include="horizontal_flip_transformer.hpp">
      <Filter>Header Files</Filter>
    </ClInclude>
    <ClInclude Include="tensor.hpp">
      <Filter>Header Files</Filter>
    </ClInclude>
    <ClInclude Include="dataset_check.hpp">
      <Filter>Header Files</Filter>
    </ClInclude>
    <ClInclude Include="dataset_events_sink.hpp">
      <Filter>Header Files</Filter>
    </ClInclude>
    <ClInclude Include="rotation_transformer.hpp">
      <Filter>Header Files</Filter>
    </ClInclude>
  </ItemGroup>
  <ItemGroup>
    <ClCompile Include="channelwise_scale_shift_transformer.cpp">
      <Filter>Source Files</Filter>
    </ClCompile>
    <ClCompile Include="crop_transformer.cpp">
      <Filter>Source Files</Filter>
    </ClCompile>
    <ClCompile Include="dataset_loader.cpp">
      <Filter>Source Files</Filter>
    </ClCompile>
    <ClCompile Include="dataset_saver.cpp">
      <Filter>Source Files</Filter>
    </ClCompile>
    <ClCompile Include="decompressor.cpp">
      <Filter>Source Files</Filter>
    </ClCompile>
    <ClCompile Include="ds_load_params.pb.cc">
      <Filter>Source Files</Filter>
    </ClCompile>
    <ClCompile Include="ds_save_params.pb.cc">
      <Filter>Source Files</Filter>
    </ClCompile>
    <ClCompile Include="fixresize_transformer_save.cpp">
      <Filter>Source Files</Filter>
    </ClCompile>
    <ClCompile Include="mean_transformer.cpp">
      <Filter>Source Files</Filter>
    </ClCompile>
    <ClCompile Include="minresize_transformer.cpp">
      <Filter>Source Files</Filter>
    </ClCompile>
    <ClCompile Include="minresize_transformer_save.cpp">
      <Filter>Source Files</Filter>
    </ClCompile>
    <ClCompile Include="prefetcher.cpp">
      <Filter>Source Files</Filter>
    </ClCompile>
    <ClCompile Include="pixelmap_transformer_save.cpp">
      <Filter>Source Files</Filter>
    </ClCompile>
    <ClCompile Include="transformer_factory.cpp">
      <Filter>Source Files</Filter>
    </ClCompile>
    <ClCompile Include="horizontal_flip_transformer.cpp">
      <Filter>Source Files</Filter>
    </ClCompile>
    <ClCompile Include="tensor.cpp">
      <Filter>Source Files</Filter>
    </ClCompile>
    <ClCompile Include="rotation_transformer.cpp">
      <Filter>Source Files</Filter>
    </ClCompile>
  </ItemGroup>
  <ItemGroup>
    <None Include="proto\ds_load_params.proto">
      <Filter>Proto Files</Filter>
    </None>
    <None Include="proto\ds_save_params.proto">
      <Filter>Proto Files</Filter>
    </None>
  </ItemGroup>
</Project>