<?xml version="1.0" encoding="utf-8"?>
<Project ToolsVersion="4.0" xmlns="http://schemas.microsoft.com/developer/msbuild/2003">
  <ItemGroup>
    <Filter Include="Header Files">
      <UniqueIdentifier>{d21b34f0-c0a8-4c47-991f-a063afbb1f53}</UniqueIdentifier>
    </Filter>
    <Filter Include="Source Files">
      <UniqueIdentifier>{c02592e7-12d5-449b-9182-ff3624236847}</UniqueIdentifier>
    </Filter>
    <Filter Include="examples">
      <UniqueIdentifier>{2fdad9b3-39c0-4fda-bffd-5466bac74dbd}</UniqueIdentifier>
    </Filter>
  </ItemGroup>
  <ItemGroup>
    <ClCompile Include="cntk_postfix_iterator.cpp">
      <Filter>Source Files</Filter>
    </ClCompile>
    <ClCompile Include="cntk_to_caffe_converter.cpp">
      <Filter>Source Files</Filter>
    </ClCompile>
    <ClCompile Include="node.cpp">
      <Filter>Source Files</Filter>
    </ClCompile>
    <ClCompile Include="node_factory.cpp">
      <Filter>Source Files</Filter>
    </ClCompile>
    <ClCompile Include="node_saver.cpp">
      <Filter>Source Files</Filter>
    </ClCompile>
    <ClCompile Include="node_tag.cpp">
      <Filter>Source Files</Filter>
    </ClCompile>
    <ClCompile Include="reduce_rules.cpp">
      <Filter>Source Files</Filter>
    </ClCompile>
    <ClCompile Include="main.cpp">
      <Filter>Source Files</Filter>
    </ClCompile>
    <ClCompile Include="cntk_node_wrappers.cpp">
      <Filter>Source Files</Filter>
    </ClCompile>
  </ItemGroup>
  <ItemGroup>
    <ClInclude Include="cntk_postfix_iterator.h">
      <Filter>Header Files</Filter>
    </ClInclude>
    <ClInclude Include="cntk_to_caffe_converter.h">
      <Filter>Header Files</Filter>
    </ClInclude>
    <ClInclude Include="node.h">
      <Filter>Header Files</Filter>
    </ClInclude>
    <ClInclude Include="node_attributes.h">
      <Filter>Header Files</Filter>
    </ClInclude>
    <ClInclude Include="node_factory.h">
      <Filter>Header Files</Filter>
    </ClInclude>
    <ClInclude Include="node_saver.h">
      <Filter>Header Files</Filter>
    </ClInclude>
    <ClInclude Include="node_tag.h">
      <Filter>Header Files</Filter>
    </ClInclude>
    <ClInclude Include="nodes_processor.h">
      <Filter>Header Files</Filter>
    </ClInclude>
    <ClInclude Include="reduce_rules.h">
      <Filter>Header Files</Filter>
    </ClInclude>
    <ClInclude Include="cntk_includes.h">
      <Filter>Header Files</Filter>
    </ClInclude>
    <ClInclude Include="cntk_node_wrappers.h">
      <Filter>Header Files</Filter>
    </ClInclude>
    <ClInclude Include="device_info.h">
      <Filter>Header Files</Filter>
    </ClInclude>
  </ItemGroup>
  <ItemGroup>
    <None Include="packages.config" />
    <None Include="test.cmd">
      <Filter>examples</Filter>
    </None>
  </ItemGroup>
</Project>